
Microsoft Visual Studio Solution File, Format Version 12.00
# Visual Studio Version 17
VisualStudioVersion = 17.10.34928.147
MinimumVisualStudioVersion = 10.0.40219.1
Project("{8BC9CEB8-8B4A-11D0-8D11-00A0C91BC942}") = "drawBmp", "drawBmp\drawBmp.vcxproj", "{A7226DA2-B90F-41A9-AAE7-F1F1F7EF1932}"
EndProject
Global
	GlobalSection(SolutionConfigurationPlatforms) = preSolution
		Debug|x64 = Debug|x64
		Debug|x86 = Debug|x86
		Release|x64 = Release|x64
		Release|x86 = Release|x86
	EndGlobalSection
	GlobalSection(ProjectConfigurationPlatforms) = postSolution
		{A7226DA2-B90F-41A9-AAE7-F1F1F7EF1932}.Debug|x64.ActiveCfg = Debug|x64
		{A7226DA2-B90F-41A9-AAE7-F1F1F7EF1932}.Debug|x64.Build.0 = Debug|x64
		{A7226DA2-B90F-41A9-AAE7-F1F1F7EF1932}.Debug|x86.ActiveCfg = Debug|Win32
		{A7226DA2-B90F-41A9-AAE7-F1F1F7EF1932}.Debug|x86.Build.0 = Debug|Win32
		{A7226DA2-B90F-41A9-AAE7-F1F1F7EF1932}.Release|x64.ActiveCfg = Release|x64
		{A7226DA2-B90F-41A9-AAE7-F1F1F7EF1932}.Release|x64.Build.0 = Release|x64
		{A7226DA2-B90F-41A9-AAE7-F1F1F7EF1932}.Release|x86.ActiveCfg = Release|Win32
		{A7226DA2-B90F-41A9-AAE7-F1F1F7EF1932}.Release|x86.Build.0 = Release|Win32
	EndGlobalSection
	GlobalSection(SolutionProperties) = preSolution
		HideSolutionNode = FALSE
	EndGlobalSection
	GlobalSection(ExtensibilityGlobals) = postSolution
		SolutionGuid = {2E888316-BDC4-4DEA-887D-2AC75B491040}
	EndGlobalSection
EndGlobal
